
Microsoft Visual Studio Solution File, Format Version 12.00
# Visual Studio 14
VisualStudioVersion = 14.0.25123.0
MinimumVisualStudioVersion = 10.0.40219.1
Project("{FAE04EC0-301F-11D3-BF4B-00C04F79EFBC}") = "BTLync", "BTLync\BTLync.csproj", "{CD624CFF-94CF-4AA2-9FDA-8D1EBD41AB34}"
EndProject
Project("{CC5FD16D-436D-48AD-A40C-5A424C6E3E79}") = "ImageServer", "ImageServer\ImageServer.ccproj", "{28EBC4AD-E861-4C70-B564-53B175F1E2FD}"
EndProject
Project("{FAE04EC0-301F-11D3-BF4B-00C04F79EFBC}") = "ImageService", "ImageService\ImageService.csproj", "{E07B7164-C7D5-4D8B-BC0B-AA8E411EE527}"
EndProject
Project("{FAE04EC0-301F-11D3-BF4B-00C04F79EFBC}") = "ImageHub", "ImageHub\ImageHub.csproj", "{AA6D06D1-472A-4D8B-840F-E309E8A68B78}"
EndProject
Global
	GlobalSection(SolutionConfigurationPlatforms) = preSolution
		Debug|Any CPU = Debug|Any CPU
		Release|Any CPU = Release|Any CPU
	EndGlobalSection
	GlobalSection(ProjectConfigurationPlatforms) = postSolution
		{CD624CFF-94CF-4AA2-9FDA-8D1EBD41AB34}.Debug|Any CPU.ActiveCfg = Debug|Any CPU
		{CD624CFF-94CF-4AA2-9FDA-8D1EBD41AB34}.Debug|Any CPU.Build.0 = Debug|Any CPU
		{CD624CFF-94CF-4AA2-9FDA-8D1EBD41AB34}.Release|Any CPU.ActiveCfg = Release|Any CPU
		{CD624CFF-94CF-4AA2-9FDA-8D1EBD41AB34}.Release|Any CPU.Build.0 = Release|Any CPU
		{28EBC4AD-E861-4C70-B564-53B175F1E2FD}.Debug|Any CPU.ActiveCfg = Debug|Any CPU
		{28EBC4AD-E861-4C70-B564-53B175F1E2FD}.Debug|Any CPU.Build.0 = Debug|Any CPU
		{28EBC4AD-E861-4C70-B564-53B175F1E2FD}.Release|Any CPU.ActiveCfg = Release|Any CPU
		{28EBC4AD-E861-4C70-B564-53B175F1E2FD}.Release|Any CPU.Build.0 = Release|Any CPU
		{E07B7164-C7D5-4D8B-BC0B-AA8E411EE527}.Debug|Any CPU.ActiveCfg = Debug|Any CPU
		{E07B7164-C7D5-4D8B-BC0B-AA8E411EE527}.Debug|Any CPU.Build.0 = Debug|Any CPU
		{E07B7164-C7D5-4D8B-BC0B-AA8E411EE527}.Release|Any CPU.ActiveCfg = Release|Any CPU
		{E07B7164-C7D5-4D8B-BC0B-AA8E411EE527}.Release|Any CPU.Build.0 = Release|Any CPU
		{AA6D06D1-472A-4D8B-840F-E309E8A68B78}.Debug|Any CPU.ActiveCfg = Debug|Any CPU
		{AA6D06D1-472A-4D8B-840F-E309E8A68B78}.Debug|Any CPU.Build.0 = Debug|Any CPU
		{AA6D06D1-472A-4D8B-840F-E309E8A68B78}.Release|Any CPU.ActiveCfg = Release|Any CPU
		{AA6D06D1-472A-4D8B-840F-E309E8A68B78}.Release|Any CPU.Build.0 = Release|Any CPU
	EndGlobalSection
	GlobalSection(SolutionProperties) = preSolution
		HideSolutionNode = FALSE
	EndGlobalSection
EndGlobal
